
Microsoft Visual Studio Solution File, Format Version 12.00
# Visual Studio Version 16
VisualStudioVersion = 16.0.29318.209
MinimumVisualStudioVersion = 10.0.40219.1
Project("{FAE04EC0-301F-11D3-BF4B-00C04F79EFBC}") = "ManejoArchivos", "ManejoArchivos\ManejoArchivos.csproj", "{25D6104D-7651-486F-85B1-5467A7A193F7}"
EndProject
Project("{FAE04EC0-301F-11D3-BF4B-00C04F79EFBC}") = "Archivo.Escritura", "Archivo.Escritura\Archivo.Escritura.csproj", "{E4F5E137-9FD1-4203-BF82-0554D876A2FD}"
EndProject
Project("{FAE04EC0-301F-11D3-BF4B-00C04F79EFBC}") = "ManejoArchivos.BE", "ManejoArchivos.BE\ManejoArchivos.BE.csproj", "{51435D0B-DFFE-49ED-BE47-EAA216A624BC}"
EndProject
Project("{FAE04EC0-301F-11D3-BF4B-00C04F79EFBC}") = "ObtenerFacturas", "ObtenerFacturas\ObtenerFacturas.csproj", "{7885E5DA-0E75-404E-8114-4150A1D2D9B3}"
EndProject
Project("{FAE04EC0-301F-11D3-BF4B-00C04F79EFBC}") = "ManejoArchivos.DA", "ManejoArchivos.DA\ManejoArchivos.DA.csproj", "{9B8D23D0-8100-4B2A-9EE4-77AE4035CCCB}"
EndProject
Project("{FAE04EC0-301F-11D3-BF4B-00C04F79EFBC}") = "ManejoArchivos.BL", "ManejoArchivos.BL\ManejoArchivos.BL.csproj", "{4C6F3D6A-58A1-4418-A4A6-BF749DDA12CB}"
EndProject
Global
	GlobalSection(SolutionConfigurationPlatforms) = preSolution
		Debug|Any CPU = Debug|Any CPU
		Release|Any CPU = Release|Any CPU
	EndGlobalSection
	GlobalSection(ProjectConfigurationPlatforms) = postSolution
		{25D6104D-7651-486F-85B1-5467A7A193F7}.Debug|Any CPU.ActiveCfg = Debug|Any CPU
		{25D6104D-7651-486F-85B1-5467A7A193F7}.Debug|Any CPU.Build.0 = Debug|Any CPU
		{25D6104D-7651-486F-85B1-5467A7A193F7}.Release|Any CPU.ActiveCfg = Release|Any CPU
		{25D6104D-7651-486F-85B1-5467A7A193F7}.Release|Any CPU.Build.0 = Release|Any CPU
		{E4F5E137-9FD1-4203-BF82-0554D876A2FD}.Debug|Any CPU.ActiveCfg = Debug|Any CPU
		{E4F5E137-9FD1-4203-BF82-0554D876A2FD}.Debug|Any CPU.Build.0 = Debug|Any CPU
		{E4F5E137-9FD1-4203-BF82-0554D876A2FD}.Release|Any CPU.ActiveCfg = Release|Any CPU
		{E4F5E137-9FD1-4203-BF82-0554D876A2FD}.Release|Any CPU.Build.0 = Release|Any CPU
		{51435D0B-DFFE-49ED-BE47-EAA216A624BC}.Debug|Any CPU.ActiveCfg = Debug|Any CPU
		{51435D0B-DFFE-49ED-BE47-EAA216A624BC}.Debug|Any CPU.Build.0 = Debug|Any CPU
		{51435D0B-DFFE-49ED-BE47-EAA216A624BC}.Release|Any CPU.ActiveCfg = Release|Any CPU
		{51435D0B-DFFE-49ED-BE47-EAA216A624BC}.Release|Any CPU.Build.0 = Release|Any CPU
		{7885E5DA-0E75-404E-8114-4150A1D2D9B3}.Debug|Any CPU.ActiveCfg = Debug|Any CPU
		{7885E5DA-0E75-404E-8114-4150A1D2D9B3}.Debug|Any CPU.Build.0 = Debug|Any CPU
		{7885E5DA-0E75-404E-8114-4150A1D2D9B3}.Release|Any CPU.ActiveCfg = Release|Any CPU
		{7885E5DA-0E75-404E-8114-4150A1D2D9B3}.Release|Any CPU.Build.0 = Release|Any CPU
		{9B8D23D0-8100-4B2A-9EE4-77AE4035CCCB}.Debug|Any CPU.ActiveCfg = Debug|Any CPU
		{9B8D23D0-8100-4B2A-9EE4-77AE4035CCCB}.Debug|Any CPU.Build.0 = Debug|Any CPU
		{9B8D23D0-8100-4B2A-9EE4-77AE4035CCCB}.Release|Any CPU.ActiveCfg = Release|Any CPU
		{9B8D23D0-8100-4B2A-9EE4-77AE4035CCCB}.Release|Any CPU.Build.0 = Release|Any CPU
		{4C6F3D6A-58A1-4418-A4A6-BF749DDA12CB}.Debug|Any CPU.ActiveCfg = Debug|Any CPU
		{4C6F3D6A-58A1-4418-A4A6-BF749DDA12CB}.Debug|Any CPU.Build.0 = Debug|Any CPU
		{4C6F3D6A-58A1-4418-A4A6-BF749DDA12CB}.Release|Any CPU.ActiveCfg = Release|Any CPU
		{4C6F3D6A-58A1-4418-A4A6-BF749DDA12CB}.Release|Any CPU.Build.0 = Release|Any CPU
	EndGlobalSection
	GlobalSection(SolutionProperties) = preSolution
		HideSolutionNode = FALSE
	EndGlobalSection
	GlobalSection(ExtensibilityGlobals) = postSolution
		SolutionGuid = {B5B9CB68-06DA-4270-BDF2-86C037C8B04F}
	EndGlobalSection
EndGlobal
