
Microsoft Visual Studio Solution File, Format Version 12.00
# Visual Studio 15
VisualStudioVersion = 15.0.28307.757
MinimumVisualStudioVersion = 10.0.40219.1
Project("{FAE04EC0-301F-11D3-BF4B-00C04F79EFBC}") = "testing", "testing\testing.csproj", "{AB69BA85-41A9-44C4-985D-8A4E4E96D255}"
EndProject
Project("{FAE04EC0-301F-11D3-BF4B-00C04F79EFBC}") = "Upload", "Upload\Upload.csproj", "{F64D4234-324C-40F4-B46A-AAF58349B7C8}"
EndProject
Project("{FAE04EC0-301F-11D3-BF4B-00C04F79EFBC}") = "SendMailer", "SendMailer\SendMailer.csproj", "{3AB8513E-4EB6-459E-B568-D65676C52ADD}"
EndProject
Project("{FAE04EC0-301F-11D3-BF4B-00C04F79EFBC}") = "WindowsFormsApp1", "WindowsFormsApp1\WindowsFormsApp1.csproj", "{B5590FA5-B63B-4355-9BCD-6DD1494B3E6A}"
EndProject
Global
	GlobalSection(SolutionConfigurationPlatforms) = preSolution
		Debug|Any CPU = Debug|Any CPU
		Release|Any CPU = Release|Any CPU
	EndGlobalSection
	GlobalSection(ProjectConfigurationPlatforms) = postSolution
		{AB69BA85-41A9-44C4-985D-8A4E4E96D255}.Debug|Any CPU.ActiveCfg = Debug|Any CPU
		{AB69BA85-41A9-44C4-985D-8A4E4E96D255}.Debug|Any CPU.Build.0 = Debug|Any CPU
		{AB69BA85-41A9-44C4-985D-8A4E4E96D255}.Release|Any CPU.ActiveCfg = Release|Any CPU
		{AB69BA85-41A9-44C4-985D-8A4E4E96D255}.Release|Any CPU.Build.0 = Release|Any CPU
		{F64D4234-324C-40F4-B46A-AAF58349B7C8}.Debug|Any CPU.ActiveCfg = Debug|Any CPU
		{F64D4234-324C-40F4-B46A-AAF58349B7C8}.Debug|Any CPU.Build.0 = Debug|Any CPU
		{F64D4234-324C-40F4-B46A-AAF58349B7C8}.Release|Any CPU.ActiveCfg = Release|Any CPU
		{F64D4234-324C-40F4-B46A-AAF58349B7C8}.Release|Any CPU.Build.0 = Release|Any CPU
		{3AB8513E-4EB6-459E-B568-D65676C52ADD}.Debug|Any CPU.ActiveCfg = Debug|Any CPU
		{3AB8513E-4EB6-459E-B568-D65676C52ADD}.Debug|Any CPU.Build.0 = Debug|Any CPU
		{3AB8513E-4EB6-459E-B568-D65676C52ADD}.Release|Any CPU.ActiveCfg = Release|Any CPU
		{3AB8513E-4EB6-459E-B568-D65676C52ADD}.Release|Any CPU.Build.0 = Release|Any CPU
		{B5590FA5-B63B-4355-9BCD-6DD1494B3E6A}.Debug|Any CPU.ActiveCfg = Debug|Any CPU
		{B5590FA5-B63B-4355-9BCD-6DD1494B3E6A}.Debug|Any CPU.Build.0 = Debug|Any CPU
		{B5590FA5-B63B-4355-9BCD-6DD1494B3E6A}.Release|Any CPU.ActiveCfg = Release|Any CPU
		{B5590FA5-B63B-4355-9BCD-6DD1494B3E6A}.Release|Any CPU.Build.0 = Release|Any CPU
	EndGlobalSection
	GlobalSection(SolutionProperties) = preSolution
		HideSolutionNode = FALSE
	EndGlobalSection
	GlobalSection(ExtensibilityGlobals) = postSolution
		SolutionGuid = {29196979-31EC-48F8-BBB4-AA65883428CD}
	EndGlobalSection
EndGlobal
